
Microsoft Visual Studio Solution File, Format Version 11.00
# Visual Studio 2010
Project("{FAE04EC0-301F-11D3-BF4B-00C04F79EFBC}") = "UnityEngine.TestRunner", "UnityEngine.TestRunner.csproj", "{45548005-B33D-B9CC-09AD-84F5C4D58A0D}"
EndProject
Project("{FAE04EC0-301F-11D3-BF4B-00C04F79EFBC}") = "Unity.InputSystem", "Unity.InputSystem.csproj", "{17F49C1E-4CF3-BFC4-4112-7D0AA66DB425}"
EndProject
Project("{FAE04EC0-301F-11D3-BF4B-00C04F79EFBC}") = "UnityEngine.UI.Tests", "UnityEngine.UI.Tests.csproj", "{963F0CD1-10BC-D9EE-0C07-5860D5658F06}"
EndProject
Project("{FAE04EC0-301F-11D3-BF4B-00C04F79EFBC}") = "Unity.Timeline", "Unity.Timeline.csproj", "{171FA050-548B-A859-0DF8-79AEFFFF31C1}"
EndProject
Project("{FAE04EC0-301F-11D3-BF4B-00C04F79EFBC}") = "UnityEngine.UI", "UnityEngine.UI.csproj", "{8B28E077-FA9F-F4FE-250E-896160F05CEC}"
EndProject
Project("{FAE04EC0-301F-11D3-BF4B-00C04F79EFBC}") = "Assembly-CSharp", "Assembly-CSharp.csproj", "{09C8475D-183A-769E-FCCB-AF53C5007E67}"
EndProject
Project("{FAE04EC0-301F-11D3-BF4B-00C04F79EFBC}") = "Unity.TextMeshPro", "Unity.TextMeshPro.csproj", "{FEA3989F-8D70-033B-D8FC-F0B7D066C067}"
EndProject
Project("{FAE04EC0-301F-11D3-BF4B-00C04F79EFBC}") = "Unity.TerrainTools", "Unity.TerrainTools.csproj", "{F3E7DD88-C4BD-6E44-BC40-355072013B96}"
EndProject
Project("{FAE04EC0-301F-11D3-BF4B-00C04F79EFBC}") = "Unity.InputSystem.IntegrationTests", "Unity.InputSystem.IntegrationTests.csproj", "{8EEB748E-41DC-18FE-6421-4DBEC94FC020}"
EndProject
Project("{FAE04EC0-301F-11D3-BF4B-00C04F79EFBC}") = "Unity.InputSystem.TestFramework", "Unity.InputSystem.TestFramework.csproj", "{E610FB06-F766-A0F6-1FF7-5996627BEBBE}"
EndProject
Project("{FAE04EC0-301F-11D3-BF4B-00C04F79EFBC}") = "Unity.TextMeshPro.Tests", "Unity.TextMeshPro.Tests.csproj", "{32803F7D-E3FB-4DA6-DC15-936C87D7AC70}"
EndProject
Project("{FAE04EC0-301F-11D3-BF4B-00C04F79EFBC}") = "Unity.Timeline.Editor", "Unity.Timeline.Editor.csproj", "{1950DA3E-C72B-5BD8-53EE-BDF95073D2CC}"
EndProject
Project("{FAE04EC0-301F-11D3-BF4B-00C04F79EFBC}") = "UnityEditor.TestRunner", "UnityEditor.TestRunner.csproj", "{2A9858E5-BED7-BEE5-93A3-16F35E383267}"
EndProject
Project("{FAE04EC0-301F-11D3-BF4B-00C04F79EFBC}") = "Unity.PlasticSCM.Editor", "Unity.PlasticSCM.Editor.csproj", "{18232022-0ADE-5502-9BAB-9DB7C845AC1C}"
EndProject
Project("{FAE04EC0-301F-11D3-BF4B-00C04F79EFBC}") = "Unity.TerrainTools.Editor", "Unity.TerrainTools.Editor.csproj", "{7652EC26-EE14-2B8C-F89C-53ADE5AE4105}"
EndProject
Project("{FAE04EC0-301F-11D3-BF4B-00C04F79EFBC}") = "UnityEditor.UI", "UnityEditor.UI.csproj", "{DA1787A9-3EFD-6D73-413A-C10B08654CAB}"
EndProject
Project("{FAE04EC0-301F-11D3-BF4B-00C04F79EFBC}") = "Unity.Services.Core.Editor", "Unity.Services.Core.Editor.csproj", "{44AA4E19-B7DA-79D1-6F7C-133D8CE42BFA}"
EndProject
Project("{FAE04EC0-301F-11D3-BF4B-00C04F79EFBC}") = "Unity.VisualStudio.Editor", "Unity.VisualStudio.Editor.csproj", "{5637F632-A3C9-948E-6DC4-79FD02B2E46C}"
EndProject
Project("{FAE04EC0-301F-11D3-BF4B-00C04F79EFBC}") = "Unity.TextMeshPro.Editor", "Unity.TextMeshPro.Editor.csproj", "{4C9E2A9F-1A32-639A-A830-6B2C9FFD0B5E}"
EndProject
Project("{FAE04EC0-301F-11D3-BF4B-00C04F79EFBC}") = "Unity.CollabProxy.Editor", "Unity.CollabProxy.Editor.csproj", "{3B82299C-9AAE-C7BD-6155-2FDFABCE0B9A}"
EndProject
Project("{FAE04EC0-301F-11D3-BF4B-00C04F79EFBC}") = "DocCodeExamples", "DocCodeExamples.csproj", "{532CCB00-3A67-5AFB-5BAE-57FB1866C125}"
EndProject
Project("{FAE04EC0-301F-11D3-BF4B-00C04F79EFBC}") = "Unity.PlasticSCM.EditorTests", "Unity.PlasticSCM.EditorTests.csproj", "{B88A6BD4-98FF-7413-A4DC-0117C7927E9E}"
EndProject
Project("{FAE04EC0-301F-11D3-BF4B-00C04F79EFBC}") = "Unity.Rider.Editor", "Unity.Rider.Editor.csproj", "{4B2E1A08-64C8-3725-7738-453BACC6F5EF}"
EndProject
Project("{FAE04EC0-301F-11D3-BF4B-00C04F79EFBC}") = "UnityEditor.UI.EditorTests", "UnityEditor.UI.EditorTests.csproj", "{5AF0CC69-5376-A476-BECB-C58363293F84}"
EndProject
Project("{FAE04EC0-301F-11D3-BF4B-00C04F79EFBC}") = "Unity.CollabProxy.EditorTests", "Unity.CollabProxy.EditorTests.csproj", "{BE8AE209-6282-3CF7-9354-8AECB5086A58}"
EndProject
Project("{FAE04EC0-301F-11D3-BF4B-00C04F79EFBC}") = "Assembly-CSharp-Editor", "Assembly-CSharp-Editor.csproj", "{005493B6-3362-DD34-4F7E-979DF3B348DF}"
EndProject
Project("{FAE04EC0-301F-11D3-BF4B-00C04F79EFBC}") = "Unity.TerrainTools.Editor.Tests", "Unity.TerrainTools.Editor.Tests.csproj", "{3877FCA5-3B70-2A38-38B4-56A8D0F72640}"
EndProject
Project("{FAE04EC0-301F-11D3-BF4B-00C04F79EFBC}") = "Unity.VSCode.Editor", "Unity.VSCode.Editor.csproj", "{B3718A24-9025-8D9F-D56F-AC113CC2AA86}"
EndProject
Project("{FAE04EC0-301F-11D3-BF4B-00C04F79EFBC}") = "Unity.TextMeshPro.Editor.Tests", "Unity.TextMeshPro.Editor.Tests.csproj", "{F8034F14-4EEA-6A35-770F-FF96F48D2BE7}"
EndProject
Global
	GlobalSection(SolutionConfigurationPlatforms) = preSolution
		Debug|Any CPU = Debug|Any CPU
		Release|Any CPU = Release|Any CPU
	EndGlobalSection
	GlobalSection(ProjectConfigurationPlatforms) = postSolution
		{45548005-B33D-B9CC-09AD-84F5C4D58A0D}.Debug|Any CPU.ActiveCfg = Debug|Any CPU
		{45548005-B33D-B9CC-09AD-84F5C4D58A0D}.Debug|Any CPU.Build.0 = Debug|Any CPU
		{45548005-B33D-B9CC-09AD-84F5C4D58A0D}.Release|Any CPU.ActiveCfg = Release|Any CPU
		{45548005-B33D-B9CC-09AD-84F5C4D58A0D}.Release|Any CPU.Build.0 = Release|Any CPU
		{17F49C1E-4CF3-BFC4-4112-7D0AA66DB425}.Debug|Any CPU.ActiveCfg = Debug|Any CPU
		{17F49C1E-4CF3-BFC4-4112-7D0AA66DB425}.Debug|Any CPU.Build.0 = Debug|Any CPU
		{17F49C1E-4CF3-BFC4-4112-7D0AA66DB425}.Release|Any CPU.ActiveCfg = Release|Any CPU
		{17F49C1E-4CF3-BFC4-4112-7D0AA66DB425}.Release|Any CPU.Build.0 = Release|Any CPU
		{963F0CD1-10BC-D9EE-0C07-5860D5658F06}.Debug|Any CPU.ActiveCfg = Debug|Any CPU
		{963F0CD1-10BC-D9EE-0C07-5860D5658F06}.Debug|Any CPU.Build.0 = Debug|Any CPU
		{963F0CD1-10BC-D9EE-0C07-5860D5658F06}.Release|Any CPU.ActiveCfg = Release|Any CPU
		{963F0CD1-10BC-D9EE-0C07-5860D5658F06}.Release|Any CPU.Build.0 = Release|Any CPU
		{171FA050-548B-A859-0DF8-79AEFFFF31C1}.Debug|Any CPU.ActiveCfg = Debug|Any CPU
		{171FA050-548B-A859-0DF8-79AEFFFF31C1}.Debug|Any CPU.Build.0 = Debug|Any CPU
		{171FA050-548B-A859-0DF8-79AEFFFF31C1}.Release|Any CPU.ActiveCfg = Release|Any CPU
		{171FA050-548B-A859-0DF8-79AEFFFF31C1}.Release|Any CPU.Build.0 = Release|Any CPU
		{8B28E077-FA9F-F4FE-250E-896160F05CEC}.Debug|Any CPU.ActiveCfg = Debug|Any CPU
		{8B28E077-FA9F-F4FE-250E-896160F05CEC}.Debug|Any CPU.Build.0 = Debug|Any CPU
		{8B28E077-FA9F-F4FE-250E-896160F05CEC}.Release|Any CPU.ActiveCfg = Release|Any CPU
		{8B28E077-FA9F-F4FE-250E-896160F05CEC}.Release|Any CPU.Build.0 = Release|Any CPU
		{09C8475D-183A-769E-FCCB-AF53C5007E67}.Debug|Any CPU.ActiveCfg = Debug|Any CPU
		{09C8475D-183A-769E-FCCB-AF53C5007E67}.Debug|Any CPU.Build.0 = Debug|Any CPU
		{09C8475D-183A-769E-FCCB-AF53C5007E67}.Release|Any CPU.ActiveCfg = Release|Any CPU
		{09C8475D-183A-769E-FCCB-AF53C5007E67}.Release|Any CPU.Build.0 = Release|Any CPU
		{FEA3989F-8D70-033B-D8FC-F0B7D066C067}.Debug|Any CPU.ActiveCfg = Debug|Any CPU
		{FEA3989F-8D70-033B-D8FC-F0B7D066C067}.Debug|Any CPU.Build.0 = Debug|Any CPU
		{FEA3989F-8D70-033B-D8FC-F0B7D066C067}.Release|Any CPU.ActiveCfg = Release|Any CPU
		{FEA3989F-8D70-033B-D8FC-F0B7D066C067}.Release|Any CPU.Build.0 = Release|Any CPU
		{F3E7DD88-C4BD-6E44-BC40-355072013B96}.Debug|Any CPU.ActiveCfg = Debug|Any CPU
		{F3E7DD88-C4BD-6E44-BC40-355072013B96}.Debug|Any CPU.Build.0 = Debug|Any CPU
		{F3E7DD88-C4BD-6E44-BC40-355072013B96}.Release|Any CPU.ActiveCfg = Release|Any CPU
		{F3E7DD88-C4BD-6E44-BC40-355072013B96}.Release|Any CPU.Build.0 = Release|Any CPU
		{8EEB748E-41DC-18FE-6421-4DBEC94FC020}.Debug|Any CPU.ActiveCfg = Debug|Any CPU
		{8EEB748E-41DC-18FE-6421-4DBEC94FC020}.Debug|Any CPU.Build.0 = Debug|Any CPU
		{8EEB748E-41DC-18FE-6421-4DBEC94FC020}.Release|Any CPU.ActiveCfg = Release|Any CPU
		{8EEB748E-41DC-18FE-6421-4DBEC94FC020}.Release|Any CPU.Build.0 = Release|Any CPU
		{E610FB06-F766-A0F6-1FF7-5996627BEBBE}.Debug|Any CPU.ActiveCfg = Debug|Any CPU
		{E610FB06-F766-A0F6-1FF7-5996627BEBBE}.Debug|Any CPU.Build.0 = Debug|Any CPU
		{E610FB06-F766-A0F6-1FF7-5996627BEBBE}.Release|Any CPU.ActiveCfg = Release|Any CPU
		{E610FB06-F766-A0F6-1FF7-5996627BEBBE}.Release|Any CPU.Build.0 = Release|Any CPU
		{32803F7D-E3FB-4DA6-DC15-936C87D7AC70}.Debug|Any CPU.ActiveCfg = Debug|Any CPU
		{32803F7D-E3FB-4DA6-DC15-936C87D7AC70}.Debug|Any CPU.Build.0 = Debug|Any CPU
		{32803F7D-E3FB-4DA6-DC15-936C87D7AC70}.Release|Any CPU.ActiveCfg = Release|Any CPU
		{32803F7D-E3FB-4DA6-DC15-936C87D7AC70}.Release|Any CPU.Build.0 = Release|Any CPU
		{1950DA3E-C72B-5BD8-53EE-BDF95073D2CC}.Debug|Any CPU.ActiveCfg = Debug|Any CPU
		{1950DA3E-C72B-5BD8-53EE-BDF95073D2CC}.Debug|Any CPU.Build.0 = Debug|Any CPU
		{1950DA3E-C72B-5BD8-53EE-BDF95073D2CC}.Release|Any CPU.ActiveCfg = Release|Any CPU
		{1950DA3E-C72B-5BD8-53EE-BDF95073D2CC}.Release|Any CPU.Build.0 = Release|Any CPU
		{2A9858E5-BED7-BEE5-93A3-16F35E383267}.Debug|Any CPU.ActiveCfg = Debug|Any CPU
		{2A9858E5-BED7-BEE5-93A3-16F35E383267}.Debug|Any CPU.Build.0 = Debug|Any CPU
		{2A9858E5-BED7-BEE5-93A3-16F35E383267}.Release|Any CPU.ActiveCfg = Release|Any CPU
		{2A9858E5-BED7-BEE5-93A3-16F35E383267}.Release|Any CPU.Build.0 = Release|Any CPU
		{18232022-0ADE-5502-9BAB-9DB7C845AC1C}.Debug|Any CPU.ActiveCfg = Debug|Any CPU
		{18232022-0ADE-5502-9BAB-9DB7C845AC1C}.Debug|Any CPU.Build.0 = Debug|Any CPU
		{18232022-0ADE-5502-9BAB-9DB7C845AC1C}.Release|Any CPU.ActiveCfg = Release|Any CPU
		{18232022-0ADE-5502-9BAB-9DB7C845AC1C}.Release|Any CPU.Build.0 = Release|Any CPU
		{7652EC26-EE14-2B8C-F89C-53ADE5AE4105}.Debug|Any CPU.ActiveCfg = Debug|Any CPU
		{7652EC26-EE14-2B8C-F89C-53ADE5AE4105}.Debug|Any CPU.Build.0 = Debug|Any CPU
		{7652EC26-EE14-2B8C-F89C-53ADE5AE4105}.Release|Any CPU.ActiveCfg = Release|Any CPU
		{7652EC26-EE14-2B8C-F89C-53ADE5AE4105}.Release|Any CPU.Build.0 = Release|Any CPU
		{DA1787A9-3EFD-6D73-413A-C10B08654CAB}.Debug|Any CPU.ActiveCfg = Debug|Any CPU
		{DA1787A9-3EFD-6D73-413A-C10B08654CAB}.Debug|Any CPU.Build.0 = Debug|Any CPU
		{DA1787A9-3EFD-6D73-413A-C10B08654CAB}.Release|Any CPU.ActiveCfg = Release|Any CPU
		{DA1787A9-3EFD-6D73-413A-C10B08654CAB}.Release|Any CPU.Build.0 = Release|Any CPU
		{44AA4E19-B7DA-79D1-6F7C-133D8CE42BFA}.Debug|Any CPU.ActiveCfg = Debug|Any CPU
		{44AA4E19-B7DA-79D1-6F7C-133D8CE42BFA}.Debug|Any CPU.Build.0 = Debug|Any CPU
		{44AA4E19-B7DA-79D1-6F7C-133D8CE42BFA}.Release|Any CPU.ActiveCfg = Release|Any CPU
		{44AA4E19-B7DA-79D1-6F7C-133D8CE42BFA}.Release|Any CPU.Build.0 = Release|Any CPU
		{5637F632-A3C9-948E-6DC4-79FD02B2E46C}.Debug|Any CPU.ActiveCfg = Debug|Any CPU
		{5637F632-A3C9-948E-6DC4-79FD02B2E46C}.Debug|Any CPU.Build.0 = Debug|Any CPU
		{5637F632-A3C9-948E-6DC4-79FD02B2E46C}.Release|Any CPU.ActiveCfg = Release|Any CPU
		{5637F632-A3C9-948E-6DC4-79FD02B2E46C}.Release|Any CPU.Build.0 = Release|Any CPU
		{4C9E2A9F-1A32-639A-A830-6B2C9FFD0B5E}.Debug|Any CPU.ActiveCfg = Debug|Any CPU
		{4C9E2A9F-1A32-639A-A830-6B2C9FFD0B5E}.Debug|Any CPU.Build.0 = Debug|Any CPU
		{4C9E2A9F-1A32-639A-A830-6B2C9FFD0B5E}.Release|Any CPU.ActiveCfg = Release|Any CPU
		{4C9E2A9F-1A32-639A-A830-6B2C9FFD0B5E}.Release|Any CPU.Build.0 = Release|Any CPU
		{3B82299C-9AAE-C7BD-6155-2FDFABCE0B9A}.Debug|Any CPU.ActiveCfg = Debug|Any CPU
		{3B82299C-9AAE-C7BD-6155-2FDFABCE0B9A}.Debug|Any CPU.Build.0 = Debug|Any CPU
		{3B82299C-9AAE-C7BD-6155-2FDFABCE0B9A}.Release|Any CPU.ActiveCfg = Release|Any CPU
		{3B82299C-9AAE-C7BD-6155-2FDFABCE0B9A}.Release|Any CPU.Build.0 = Release|Any CPU
		{532CCB00-3A67-5AFB-5BAE-57FB1866C125}.Debug|Any CPU.ActiveCfg = Debug|Any CPU
		{532CCB00-3A67-5AFB-5BAE-57FB1866C125}.Debug|Any CPU.Build.0 = Debug|Any CPU
		{532CCB00-3A67-5AFB-5BAE-57FB1866C125}.Release|Any CPU.ActiveCfg = Release|Any CPU
		{532CCB00-3A67-5AFB-5BAE-57FB1866C125}.Release|Any CPU.Build.0 = Release|Any CPU
		{B88A6BD4-98FF-7413-A4DC-0117C7927E9E}.Debug|Any CPU.ActiveCfg = Debug|Any CPU
		{B88A6BD4-98FF-7413-A4DC-0117C7927E9E}.Debug|Any CPU.Build.0 = Debug|Any CPU
		{B88A6BD4-98FF-7413-A4DC-0117C7927E9E}.Release|Any CPU.ActiveCfg = Release|Any CPU
		{B88A6BD4-98FF-7413-A4DC-0117C7927E9E}.Release|Any CPU.Build.0 = Release|Any CPU
		{4B2E1A08-64C8-3725-7738-453BACC6F5EF}.Debug|Any CPU.ActiveCfg = Debug|Any CPU
		{4B2E1A08-64C8-3725-7738-453BACC6F5EF}.Debug|Any CPU.Build.0 = Debug|Any CPU
		{4B2E1A08-64C8-3725-7738-453BACC6F5EF}.Release|Any CPU.ActiveCfg = Release|Any CPU
		{4B2E1A08-64C8-3725-7738-453BACC6F5EF}.Release|Any CPU.Build.0 = Release|Any CPU
		{5AF0CC69-5376-A476-BECB-C58363293F84}.Debug|Any CPU.ActiveCfg = Debug|Any CPU
		{5AF0CC69-5376-A476-BECB-C58363293F84}.Debug|Any CPU.Build.0 = Debug|Any CPU
		{5AF0CC69-5376-A476-BECB-C58363293F84}.Release|Any CPU.ActiveCfg = Release|Any CPU
		{5AF0CC69-5376-A476-BECB-C58363293F84}.Release|Any CPU.Build.0 = Release|Any CPU
		{BE8AE209-6282-3CF7-9354-8AECB5086A58}.Debug|Any CPU.ActiveCfg = Debug|Any CPU
		{BE8AE209-6282-3CF7-9354-8AECB5086A58}.Debug|Any CPU.Build.0 = Debug|Any CPU
		{BE8AE209-6282-3CF7-9354-8AECB5086A58}.Release|Any CPU.ActiveCfg = Release|Any CPU
		{BE8AE209-6282-3CF7-9354-8AECB5086A58}.Release|Any CPU.Build.0 = Release|Any CPU
		{005493B6-3362-DD34-4F7E-979DF3B348DF}.Debug|Any CPU.ActiveCfg = Debug|Any CPU
		{005493B6-3362-DD34-4F7E-979DF3B348DF}.Debug|Any CPU.Build.0 = Debug|Any CPU
		{005493B6-3362-DD34-4F7E-979DF3B348DF}.Release|Any CPU.ActiveCfg = Release|Any CPU
		{005493B6-3362-DD34-4F7E-979DF3B348DF}.Release|Any CPU.Build.0 = Release|Any CPU
		{3877FCA5-3B70-2A38-38B4-56A8D0F72640}.Debug|Any CPU.ActiveCfg = Debug|Any CPU
		{3877FCA5-3B70-2A38-38B4-56A8D0F72640}.Debug|Any CPU.Build.0 = Debug|Any CPU
		{3877FCA5-3B70-2A38-38B4-56A8D0F72640}.Release|Any CPU.ActiveCfg = Release|Any CPU
		{3877FCA5-3B70-2A38-38B4-56A8D0F72640}.Release|Any CPU.Build.0 = Release|Any CPU
		{B3718A24-9025-8D9F-D56F-AC113CC2AA86}.Debug|Any CPU.ActiveCfg = Debug|Any CPU
		{B3718A24-9025-8D9F-D56F-AC113CC2AA86}.Debug|Any CPU.Build.0 = Debug|Any CPU
		{B3718A24-9025-8D9F-D56F-AC113CC2AA86}.Release|Any CPU.ActiveCfg = Release|Any CPU
		{B3718A24-9025-8D9F-D56F-AC113CC2AA86}.Release|Any CPU.Build.0 = Release|Any CPU
		{F8034F14-4EEA-6A35-770F-FF96F48D2BE7}.Debug|Any CPU.ActiveCfg = Debug|Any CPU
		{F8034F14-4EEA-6A35-770F-FF96F48D2BE7}.Debug|Any CPU.Build.0 = Debug|Any CPU
		{F8034F14-4EEA-6A35-770F-FF96F48D2BE7}.Release|Any CPU.ActiveCfg = Release|Any CPU
		{F8034F14-4EEA-6A35-770F-FF96F48D2BE7}.Release|Any CPU.Build.0 = Release|Any CPU
	EndGlobalSection
	GlobalSection(SolutionProperties) = preSolution
		HideSolutionNode = FALSE
	EndGlobalSection
EndGlobal
